
Microsoft Visual Studio Solution File, Format Version 12.00
# Visual Studio Version 16
VisualStudioVersion = 16.0.29215.179
MinimumVisualStudioVersion = 10.0.40219.1
Project("{FAE04EC0-301F-11D3-BF4B-00C04F79EFBC}") = "MoreAlerts", "MoreAlerts\MoreAlerts.csproj", "{79BD8CC9-2D1B-4602-A51A-623D20A48132}"
EndProject
Global
	GlobalSection(SolutionConfigurationPlatforms) = preSolution
		Debug|Any CPU = Debug|Any CPU
		Release|Any CPU = Release|Any CPU
	EndGlobalSection
	GlobalSection(ProjectConfigurationPlatforms) = postSolution
		{79BD8CC9-2D1B-4602-A51A-623D20A48132}.Debug|Any CPU.ActiveCfg = Debug|Any CPU
		{79BD8CC9-2D1B-4602-A51A-623D20A48132}.Debug|Any CPU.Build.0 = Debug|Any CPU
		{79BD8CC9-2D1B-4602-A51A-623D20A48132}.Release|Any CPU.ActiveCfg = Release|Any CPU
		{79BD8CC9-2D1B-4602-A51A-623D20A48132}.Release|Any CPU.Build.0 = Release|Any CPU
	EndGlobalSection
	GlobalSection(SolutionProperties) = preSolution
		HideSolutionNode = FALSE
	EndGlobalSection
	GlobalSection(ExtensibilityGlobals) = postSolution
		SolutionGuid = {8D959418-0E5F-4C3F-BBAA-ED18A8024E05}
	EndGlobalSection
EndGlobal
